// !$*UTF8*$!
{
	archiveVersion = 1;
	classes = {
	};
	objectVersion = 46;
	objects = {

/* Begin PBXBuildFile section */
		296CFB3A1BCBDA3A00F7E57A /* MyStoryboard.storyboard in Resources */ = {isa = PBXBuildFile; fileRef = 296CFB391BCBDA3A00F7E57A /* MyStoryboard.storyboard */; };
		296CFB3C1BCBDA5400F7E57A /* StoryboardViewController.swift in Sources */ = {isa = PBXBuildFile; fileRef = 296CFB3B1BCBDA5400F7E57A /* StoryboardViewController.swift */; };
		296CFB3E1BCBDF3100F7E57A /* Storyboard.storyboard in Resources */ = {isa = PBXBuildFile; fileRef = 296CFB3D1BCBDF3100F7E57A /* Storyboard.storyboard */; };
		2D3E09D61BB4D79100311B23 /* StoryListViewController.swift in Sources */ = {isa = PBXBuildFile; fileRef = 2D3E09D31BB4D79100311B23 /* StoryListViewController.swift */; };
		2D3E09D71BB4D79100311B23 /* StoryViewController.swift in Sources */ = {isa = PBXBuildFile; fileRef = 2D3E09D41BB4D79100311B23 /* StoryViewController.swift */; };
		2D3E09D81BB4D79100311B23 /* UserViewController.swift in Sources */ = {isa = PBXBuildFile; fileRef = 2D3E09D51BB4D79100311B23 /* UserViewController.swift */; };
		2D7613381BB415CC0091035E /* SwiftRouter.h in Headers */ = {isa = PBXBuildFile; fileRef = 2D7613371BB415CC0091035E /* SwiftRouter.h */; settings = {ATTRIBUTES = (Public, ); }; };
		2D76133F1BB415CC0091035E /* SwiftRouter.framework in Frameworks */ = {isa = PBXBuildFile; fileRef = 2D7613341BB415CC0091035E /* SwiftRouter.framework */; };
		2D7613441BB415CC0091035E /* SwiftRouterTests.swift in Sources */ = {isa = PBXBuildFile; fileRef = 2D7613431BB415CC0091035E /* SwiftRouterTests.swift */; };
		2DBE52431BB4169900F9CE5A /* SwiftRouter.swift in Sources */ = {isa = PBXBuildFile; fileRef = 2DBE52421BB4169900F9CE5A /* SwiftRouter.swift */; };
		74A5954A1BF0BA4200FE14FC /* AboutViewController.swift in Sources */ = {isa = PBXBuildFile; fileRef = 74A595491BF0BA4200FE14FC /* AboutViewController.swift */; };
/* End PBXBuildFile section */

/* Begin PBXContainerItemProxy section */
		2D7613401BB415CC0091035E /* PBXContainerItemProxy */ = {
			isa = PBXContainerItemProxy;
			containerPortal = 2D76132B1BB415CC0091035E /* Project object */;
			proxyType = 1;
			remoteGlobalIDString = 2D7613331BB415CC0091035E;
			remoteInfo = SwiftRouter;
		};
/* End PBXContainerItemProxy section */

/* Begin PBXFileReference section */
		296CFB391BCBDA3A00F7E57A /* MyStoryboard.storyboard */ = {isa = PBXFileReference; fileEncoding = 4; lastKnownFileType = file.storyboard; path = MyStoryboard.storyboard; sourceTree = "<group>"; };
		296CFB3B1BCBDA5400F7E57A /* StoryboardViewController.swift */ = {isa = PBXFileReference; fileEncoding = 4; lastKnownFileType = sourcecode.swift; path = StoryboardViewController.swift; sourceTree = "<group>"; };
		296CFB3D1BCBDF3100F7E57A /* Storyboard.storyboard */ = {isa = PBXFileReference; fileEncoding = 4; lastKnownFileType = file.storyboard; path = Storyboard.storyboard; sourceTree = "<group>"; };
		2D3E09D31BB4D79100311B23 /* StoryListViewController.swift */ = {isa = PBXFileReference; fileEncoding = 4; lastKnownFileType = sourcecode.swift; name = StoryListViewController.swift; path = Example/SwiftRouterExample/StoryListViewController.swift; sourceTree = SOURCE_ROOT; };
		2D3E09D41BB4D79100311B23 /* StoryViewController.swift */ = {isa = PBXFileReference; fileEncoding = 4; lastKnownFileType = sourcecode.swift; name = StoryViewController.swift; path = Example/SwiftRouterExample/StoryViewController.swift; sourceTree = SOURCE_ROOT; };
		2D3E09D51BB4D79100311B23 /* UserViewController.swift */ = {isa = PBXFileReference; fileEncoding = 4; lastKnownFileType = sourcecode.swift; name = UserViewController.swift; path = Example/SwiftRouterExample/UserViewController.swift; sourceTree = SOURCE_ROOT; };
		2D7613341BB415CC0091035E /* SwiftRouter.framework */ = {isa = PBXFileReference; explicitFileType = wrapper.framework; includeInIndex = 0; path = SwiftRouter.framework; sourceTree = BUILT_PRODUCTS_DIR; };
		2D7613371BB415CC0091035E /* SwiftRouter.h */ = {isa = PBXFileReference; lastKnownFileType = sourcecode.c.h; path = SwiftRouter.h; sourceTree = "<group>"; };
		2D7613391BB415CC0091035E /* Info.plist */ = {isa = PBXFileReference; lastKnownFileType = text.plist.xml; path = Info.plist; sourceTree = "<group>"; };
		2D76133E1BB415CC0091035E /* SwiftRouterTests.xctest */ = {isa = PBXFileReference; explicitFileType = wrapper.cfbundle; includeInIndex = 0; path = SwiftRouterTests.xctest; sourceTree = BUILT_PRODUCTS_DIR; };
		2D7613431BB415CC0091035E /* SwiftRouterTests.swift */ = {isa = PBXFileReference; lastKnownFileType = sourcecode.swift; path = SwiftRouterTests.swift; sourceTree = "<group>"; };
		2D7613451BB415CC0091035E /* Info.plist */ = {isa = PBXFileReference; lastKnownFileType = text.plist.xml; path = Info.plist; sourceTree = "<group>"; };
		2DBE52421BB4169900F9CE5A /* SwiftRouter.swift */ = {isa = PBXFileReference; fileEncoding = 4; lastKnownFileType = sourcecode.swift; name = SwiftRouter.swift; path = Source/SwiftRouter.swift; sourceTree = SOURCE_ROOT; };
		74A595491BF0BA4200FE14FC /* AboutViewController.swift */ = {isa = PBXFileReference; fileEncoding = 4; lastKnownFileType = sourcecode.swift; path = AboutViewController.swift; sourceTree = "<group>"; };
/* End PBXFileReference section */

/* Begin PBXFrameworksBuildPhase section */
		2D7613301BB415CC0091035E /* Frameworks */ = {
			isa = PBXFrameworksBuildPhase;
			buildActionMask = 2147483647;
			files = (
			);
			runOnlyForDeploymentPostprocessing = 0;
		};
		2D76133B1BB415CC0091035E /* Frameworks */ = {
			isa = PBXFrameworksBuildPhase;
			buildActionMask = 2147483647;
			files = (
				2D76133F1BB415CC0091035E /* SwiftRouter.framework in Frameworks */,
			);
			runOnlyForDeploymentPostprocessing = 0;
		};
/* End PBXFrameworksBuildPhase section */

/* Begin PBXGroup section */
		2D76132A1BB415CC0091035E = {
			isa = PBXGroup;
			children = (
				2D7613361BB415CC0091035E /* SwiftRouter */,
				2D7613421BB415CC0091035E /* SwiftRouterTests */,
				2D7613351BB415CC0091035E /* Products */,
			);
			sourceTree = "<group>";
		};
		2D7613351BB415CC0091035E /* Products */ = {
			isa = PBXGroup;
			children = (
				2D7613341BB415CC0091035E /* SwiftRouter.framework */,
				2D76133E1BB415CC0091035E /* SwiftRouterTests.xctest */,
			);
			name = Products;
			sourceTree = "<group>";
		};
		2D7613361BB415CC0091035E /* SwiftRouter */ = {
			isa = PBXGroup;
			children = (
				2DBE52421BB4169900F9CE5A /* SwiftRouter.swift */,
				2D7613371BB415CC0091035E /* SwiftRouter.h */,
				2D7613391BB415CC0091035E /* Info.plist */,
			);
			path = SwiftRouter;
			sourceTree = "<group>";
		};
		2D7613421BB415CC0091035E /* SwiftRouterTests */ = {
			isa = PBXGroup;
			children = (
				74A595491BF0BA4200FE14FC /* AboutViewController.swift */,
				2D3E09D31BB4D79100311B23 /* StoryListViewController.swift */,
				2D3E09D41BB4D79100311B23 /* StoryViewController.swift */,
				2D3E09D51BB4D79100311B23 /* UserViewController.swift */,
				2D7613431BB415CC0091035E /* SwiftRouterTests.swift */,
				296CFB3B1BCBDA5400F7E57A /* StoryboardViewController.swift */,
				296CFB391BCBDA3A00F7E57A /* MyStoryboard.storyboard */,
				296CFB3D1BCBDF3100F7E57A /* Storyboard.storyboard */,
				2D7613451BB415CC0091035E /* Info.plist */,
			);
			path = SwiftRouterTests;
			sourceTree = "<group>";
		};
/* End PBXGroup section */

/* Begin PBXHeadersBuildPhase section */
		2D7613311BB415CC0091035E /* Headers */ = {
			isa = PBXHeadersBuildPhase;
			buildActionMask = 2147483647;
			files = (
				2D7613381BB415CC0091035E /* SwiftRouter.h in Headers */,
			);
			runOnlyForDeploymentPostprocessing = 0;
		};
/* End PBXHeadersBuildPhase section */

/* Begin PBXNativeTarget section */
		2D7613331BB415CC0091035E /* SwiftRouter */ = {
			isa = PBXNativeTarget;
			buildConfigurationList = 2D7613481BB415CC0091035E /* Build configuration list for PBXNativeTarget "SwiftRouter" */;
			buildPhases = (
				2D76132F1BB415CC0091035E /* Sources */,
				2D7613301BB415CC0091035E /* Frameworks */,
				2D7613311BB415CC0091035E /* Headers */,
				2D7613321BB415CC0091035E /* Resources */,
			);
			buildRules = (
			);
			dependencies = (
			);
			name = SwiftRouter;
			productName = SwiftRouter;
			productReference = 2D7613341BB415CC0091035E /* SwiftRouter.framework */;
			productType = "com.apple.product-type.framework";
		};
		2D76133D1BB415CC0091035E /* SwiftRouterTests */ = {
			isa = PBXNativeTarget;
			buildConfigurationList = 2D76134B1BB415CC0091035E /* Build configuration list for PBXNativeTarget "SwiftRouterTests" */;
			buildPhases = (
				2D76133A1BB415CC0091035E /* Sources */,
				2D76133B1BB415CC0091035E /* Frameworks */,
				2D76133C1BB415CC0091035E /* Resources */,
			);
			buildRules = (
			);
			dependencies = (
				2D7613411BB415CC0091035E /* PBXTargetDependency */,
			);
			name = SwiftRouterTests;
			productName = SwiftRouterTests;
			productReference = 2D76133E1BB415CC0091035E /* SwiftRouterTests.xctest */;
			productType = "com.apple.product-type.bundle.unit-test";
		};
/* End PBXNativeTarget section */

/* Begin PBXProject section */
		2D76132B1BB415CC0091035E /* Project object */ = {
			isa = PBXProject;
			attributes = {
				LastSwiftUpdateCheck = 0700;
				LastUpgradeCheck = 0900;
				ORGANIZATIONNAME = skyline;
				TargetAttributes = {
					2D7613331BB415CC0091035E = {
						CreatedOnToolsVersion = 7.0;
						LastSwiftMigration = 0900;
					};
					2D76133D1BB415CC0091035E = {
						CreatedOnToolsVersion = 7.0;
						LastSwiftMigration = 0900;
					};
				};
			};
			buildConfigurationList = 2D76132E1BB415CC0091035E /* Build configuration list for PBXProject "SwiftRouter" */;
			compatibilityVersion = "Xcode 3.2";
			developmentRegion = English;
			hasScannedForEncodings = 0;
			knownRegions = (
				en,
			);
			mainGroup = 2D76132A1BB415CC0091035E;
			productRefGroup = 2D7613351BB415CC0091035E /* Products */;
			projectDirPath = "";
			projectRoot = "";
			targets = (
				2D7613331BB415CC0091035E /* SwiftRouter */,
				2D76133D1BB415CC0091035E /* SwiftRouterTests */,
			);
		};
/* End PBXProject section */

/* Begin PBXResourcesBuildPhase section */
		2D7613321BB415CC0091035E /* Resources */ = {
			isa = PBXResourcesBuildPhase;
			buildActionMask = 2147483647;
			files = (
			);
			runOnlyForDeploymentPostprocessing = 0;
		};
		2D76133C1BB415CC0091035E /* Resources */ = {
			isa = PBXResourcesBuildPhase;
			buildActionMask = 2147483647;
			files = (
				296CFB3A1BCBDA3A00F7E57A /* MyStoryboard.storyboard in Resources */,
				296CFB3E1BCBDF3100F7E57A /* Storyboard.storyboard in Resources */,
			);
			runOnlyForDeploymentPostprocessing = 0;
		};
/* End PBXResourcesBuildPhase section */

/* Begin PBXSourcesBuildPhase section */
		2D76132F1BB415CC0091035E /* Sources */ = {
			isa = PBXSourcesBuildPhase;
			buildActionMask = 2147483647;
			files = (
				2DBE52431BB4169900F9CE5A /* SwiftRouter.swift in Sources */,
			);
			runOnlyForDeploymentPostprocessing = 0;
		};
		2D76133A1BB415CC0091035E /* Sources */ = {
			isa = PBXSourcesBuildPhase;
			buildActionMask = 2147483647;
			files = (
				74A5954A1BF0BA4200FE14FC /* AboutViewController.swift in Sources */,
				2D3E09D71BB4D79100311B23 /* StoryViewController.swift in Sources */,
				2D3E09D81BB4D79100311B23 /* UserViewController.swift in Sources */,
				296CFB3C1BCBDA5400F7E57A /* StoryboardViewController.swift in Sources */,
				2D3E09D61BB4D79100311B23 /* StoryListViewController.swift in Sources */,
				2D7613441BB415CC0091035E /* SwiftRouterTests.swift in Sources */,
			);
			runOnlyForDeploymentPostprocessing = 0;
		};
/* End PBXSourcesBuildPhase section */

/* Begin PBXTargetDependency section */
		2D7613411BB415CC0091035E /* PBXTargetDependency */ = {
			isa = PBXTargetDependency;
			target = 2D7613331BB415CC0091035E /* SwiftRouter */;
			targetProxy = 2D7613401BB415CC0091035E /* PBXContainerItemProxy */;
		};
/* End PBXTargetDependency section */

/* Begin XCBuildConfiguration section */
		2D7613461BB415CC0091035E /* Debug */ = {
			isa = XCBuildConfiguration;
			buildSettings = {
				ALWAYS_SEARCH_USER_PATHS = NO;
				CLANG_CXX_LANGUAGE_STANDARD = "gnu++0x";
				CLANG_CXX_LIBRARY = "libc++";
				CLANG_ENABLE_MODULES = YES;
				CLANG_ENABLE_OBJC_ARC = YES;
				CLANG_WARN_BLOCK_CAPTURE_AUTORELEASING = YES;
				CLANG_WARN_BOOL_CONVERSION = YES;
				CLANG_WARN_COMMA = YES;
				CLANG_WARN_CONSTANT_CONVERSION = YES;
				CLANG_WARN_DIRECT_OBJC_ISA_USAGE = YES_ERROR;
				CLANG_WARN_EMPTY_BODY = YES;
				CLANG_WARN_ENUM_CONVERSION = YES;
				CLANG_WARN_INFINITE_RECURSION = YES;
				CLANG_WARN_INT_CONVERSION = YES;
				CLANG_WARN_NON_LITERAL_NULL_CONVERSION = YES;
				CLANG_WARN_OBJC_LITERAL_CONVERSION = YES;
				CLANG_WARN_OBJC_ROOT_CLASS = YES_ERROR;
				CLANG_WARN_RANGE_LOOP_ANALYSIS = YES;
				CLANG_WARN_STRICT_PROTOTYPES = YES;
				CLANG_WARN_SUSPICIOUS_MOVE = YES;
				CLANG_WARN_UNREACHABLE_CODE = YES;
				CLANG_WARN__DUPLICATE_METHOD_MATCH = YES;
				"CODE_SIGN_IDENTITY[sdk=iphoneos*]" = "iPhone Developer";
				COPY_PHASE_STRIP = NO;
				CURRENT_PROJECT_VERSION = 1;
				DEBUG_INFORMATION_FORMAT = dwarf;
				ENABLE_STRICT_OBJC_MSGSEND = YES;
				ENABLE_TESTABILITY = YES;
				GCC_C_LANGUAGE_STANDARD = gnu99;
				GCC_DYNAMIC_NO_PIC = NO;
				GCC_NO_COMMON_BLOCKS = YES;
				GCC_OPTIMIZATION_LEVEL = 0;
				GCC_PREPROCESSOR_DEFINITIONS = (
					"DEBUG=1",
					"$(inherited)",
				);
				GCC_WARN_64_TO_32_BIT_CONVERSION = YES;
				GCC_WARN_ABOUT_RETURN_TYPE = YES_ERROR;
				GCC_WARN_UNDECLARED_SELECTOR = YES;
				GCC_WARN_UNINITIALIZED_AUTOS = YES_AGGRESSIVE;
				GCC_WARN_UNUSED_FUNCTION = YES;
				GCC_WARN_UNUSED_VARIABLE = YES;
				IPHONEOS_DEPLOYMENT_TARGET = 8.0;
				MTL_ENABLE_DEBUG_INFO = YES;
				ONLY_ACTIVE_ARCH = YES;
				SDKROOT = iphoneos;
				SWIFT_OPTIMIZATION_LEVEL = "-Onone";
				TARGETED_DEVICE_FAMILY = "1,2";
				VERSIONING_SYSTEM = "apple-generic";
				VERSION_INFO_PREFIX = "";
			};
			name = Debug;
		};
		2D7613471BB415CC0091035E /* Release */ = {
			isa = XCBuildConfiguration;
			buildSettings = {
				ALWAYS_SEARCH_USER_PATHS = NO;
				CLANG_CXX_LANGUAGE_STANDARD = "gnu++0x";
				CLANG_CXX_LIBRARY = "libc++";
				CLANG_ENABLE_MODULES = YES;
				CLANG_ENABLE_OBJC_ARC = YES;
				CLANG_WARN_BLOCK_CAPTURE_AUTORELEASING = YES;
				CLANG_WARN_BOOL_CONVERSION = YES;
				CLANG_WARN_COMMA = YES;
				CLANG_WARN_CONSTANT_CONVERSION = YES;
				CLANG_WARN_DIRECT_OBJC_ISA_USAGE = YES_ERROR;
				CLANG_WARN_EMPTY_BODY = YES;
				CLANG_WARN_ENUM_CONVERSION = YES;
				CLANG_WARN_INFINITE_RECURSION = YES;
				CLANG_WARN_INT_CONVERSION = YES;
				CLANG_WARN_NON_LITERAL_NULL_CONVERSION = YES;
				CLANG_WARN_OBJC_LITERAL_CONVERSION = YES;
				CLANG_WARN_OBJC_ROOT_CLASS = YES_ERROR;
				CLANG_WARN_RANGE_LOOP_ANALYSIS = YES;
				CLANG_WARN_STRICT_PROTOTYPES = YES;
				CLANG_WARN_SUSPICIOUS_MOVE = YES;
				CLANG_WARN_UNREACHABLE_CODE = YES;
				CLANG_WARN__DUPLICATE_METHOD_MATCH = YES;
				"CODE_SIGN_IDENTITY[sdk=iphoneos*]" = "iPhone Developer";
				COPY_PHASE_STRIP = NO;
				CURRENT_PROJECT_VERSION = 1;
				DEBUG_INFORMATION_FORMAT = "dwarf-with-dsym";
				ENABLE_NS_ASSERTIONS = NO;
				ENABLE_STRICT_OBJC_MSGSEND = YES;
				GCC_C_LANGUAGE_STANDARD = gnu99;
				GCC_NO_COMMON_BLOCKS = YES;
				GCC_WARN_64_TO_32_BIT_CONVERSION = YES;
				GCC_WARN_ABOUT_RETURN_TYPE = YES_ERROR;
				GCC_WARN_UNDECLARED_SELECTOR = YES;
				GCC_WARN_UNINITIALIZED_AUTOS = YES_AGGRESSIVE;
				GCC_WARN_UNUSED_FUNCTION = YES;
				GCC_WARN_UNUSED_VARIABLE = YES;
				IPHONEOS_DEPLOYMENT_TARGET = 8.0;
				MTL_ENABLE_DEBUG_INFO = NO;
				SDKROOT = iphoneos;
				SWIFT_OPTIMIZATION_LEVEL = "-Owholemodule";
				TARGETED_DEVICE_FAMILY = "1,2";
				VALIDATE_PRODUCT = YES;
				VERSIONING_SYSTEM = "apple-generic";
				VERSION_INFO_PREFIX = "";
			};
			name = Release;
		};
		2D7613491BB415CC0091035E /* Debug */ = {
			isa = XCBuildConfiguration;
			buildSettings = {
				CLANG_ENABLE_MODULES = YES;
				"CODE_SIGN_IDENTITY[sdk=iphoneos*]" = "";
				DEFINES_MODULE = YES;
				DYLIB_COMPATIBILITY_VERSION = 1;
				DYLIB_CURRENT_VERSION = 1;
				DYLIB_INSTALL_NAME_BASE = "@rpath";
				INFOPLIST_FILE = SwiftRouter/Info.plist;
				INSTALL_PATH = "$(LOCAL_LIBRARY_DIR)/Frameworks";
				LD_RUNPATH_SEARCH_PATHS = "$(inherited) @executable_path/Frameworks @loader_path/Frameworks";
				PRODUCT_BUNDLE_IDENTIFIER = cn.edu.hit.www.SwiftRouter;
				PRODUCT_NAME = "$(TARGET_NAME)";
				SKIP_INSTALL = YES;
				SWIFT_OPTIMIZATION_LEVEL = "-Onone";
				SWIFT_SWIFT3_OBJC_INFERENCE = Default;
				SWIFT_VERSION = 4.0;
			};
			name = Debug;
		};
		2D76134A1BB415CC0091035E /* Release */ = {
			isa = XCBuildConfiguration;
			buildSettings = {
				CLANG_ENABLE_MODULES = YES;
				"CODE_SIGN_IDENTITY[sdk=iphoneos*]" = "";
				DEFINES_MODULE = YES;
				DYLIB_COMPATIBILITY_VERSION = 1;
				DYLIB_CURRENT_VERSION = 1;
				DYLIB_INSTALL_NAME_BASE = "@rpath";
				INFOPLIST_FILE = SwiftRouter/Info.plist;
				INSTALL_PATH = "$(LOCAL_LIBRARY_DIR)/Frameworks";
				LD_RUNPATH_SEARCH_PATHS = "$(inherited) @executable_path/Frameworks @loader_path/Frameworks";
				PRODUCT_BUNDLE_IDENTIFIER = cn.edu.hit.www.SwiftRouter;
				PRODUCT_NAME = "$(TARGET_NAME)";
				SKIP_INSTALL = YES;
				SWIFT_SWIFT3_OBJC_INFERENCE = Default;
				SWIFT_VERSION = 4.0;
			};
			name = Release;
		};
		2D76134C1BB415CC0091035E /* Debug */ = {
			isa = XCBuildConfiguration;
			buildSettings = {
				INFOPLIST_FILE = SwiftRouterTests/Info.plist;
				LD_RUNPATH_SEARCH_PATHS = "$(inherited) @executable_path/Frameworks @loader_path/Frameworks";
				PRODUCT_BUNDLE_IDENTIFIER = cn.edu.hit.www.SwiftRouterTests;
				PRODUCT_NAME = "$(TARGET_NAME)";
				SWIFT_SWIFT3_OBJC_INFERENCE = Default;
				SWIFT_VERSION = 4.0;
			};
			name = Debug;
		};
		2D76134D1BB415CC0091035E /* Release */ = {
			isa = XCBuildConfiguration;
			buildSettings = {
				INFOPLIST_FILE = SwiftRouterTests/Info.plist;
				LD_RUNPATH_SEARCH_PATHS = "$(inherited) @executable_path/Frameworks @loader_path/Frameworks";
				PRODUCT_BUNDLE_IDENTIFIER = cn.edu.hit.www.SwiftRouterTests;
				PRODUCT_NAME = "$(TARGET_NAME)";
				SWIFT_SWIFT3_OBJC_INFERENCE = Default;
				SWIFT_VERSION = 4.0;
			};
			name = Release;
		};
/* End XCBuildConfiguration section */

/* Begin XCConfigurationList section */
		2D76132E1BB415CC0091035E /* Build configuration list for PBXProject "SwiftRouter" */ = {
			isa = XCConfigurationList;
			buildConfigurations = (
				2D7613461BB415CC0091035E /* Debug */,
				2D7613471BB415CC0091035E /* Release */,
			);
			defaultConfigurationIsVisible = 0;
			defaultConfigurationName = Release;
		};
		2D7613481BB415CC0091035E /* Build configuration list for PBXNativeTarget "SwiftRouter" */ = {
			isa = XCConfigurationList;
			buildConfigurations = (
				2D7613491BB415CC0091035E /* Debug */,
				2D76134A1BB415CC0091035E /* Release */,
			);
			defaultConfigurationIsVisible = 0;
			defaultConfigurationName = Release;
		};
		2D76134B1BB415CC0091035E /* Build configuration list for PBXNativeTarget "SwiftRouterTests" */ = {
			isa = XCConfigurationList;
			buildConfigurations = (
				2D76134C1BB415CC0091035E /* Debug */,
				2D76134D1BB415CC0091035E /* Release */,
			);
			defaultConfigurationIsVisible = 0;
			defaultConfigurationName = Release;
		};
/* End XCConfigurationList section */
	};
	rootObject = 2D76132B1BB415CC0091035E /* Project object */;
}
