// !$*UTF8*$!
{
	archiveVersion = 1;
	classes = {
	};
	objectVersion = 46;
	objects = {

/* Begin PBXBuildFile section */
		2D3908181BB403C1002296E1 /* AppDelegate.swift in Sources */ = {isa = PBXBuildFile; fileRef = 2D3908171BB403C1002296E1 /* AppDelegate.swift */; };
		2D39081A1BB403C1002296E1 /* ViewController.swift in Sources */ = {isa = PBXBuildFile; fileRef = 2D3908191BB403C1002296E1 /* ViewController.swift */; };
		2D39081D1BB403C1002296E1 /* Main.storyboard in Resources */ = {isa = PBXBuildFile; fileRef = 2D39081B1BB403C1002296E1 /* Main.storyboard */; };
		2D39081F1BB403C1002296E1 /* Assets.xcassets in Resources */ = {isa = PBXBuildFile; fileRef = 2D39081E1BB403C1002296E1 /* Assets.xcassets */; };
		2D3908221BB403C1002296E1 /* LaunchScreen.storyboard in Resources */ = {isa = PBXBuildFile; fileRef = 2D3908201BB403C1002296E1 /* LaunchScreen.storyboard */; };
		2D73AB1B1BB4043400C93F5F /* StoryListViewController.swift in Sources */ = {isa = PBXBuildFile; fileRef = 2D73AB181BB4043300C93F5F /* StoryListViewController.swift */; };
		2D73AB1C1BB4043400C93F5F /* StoryViewController.swift in Sources */ = {isa = PBXBuildFile; fileRef = 2D73AB191BB4043300C93F5F /* StoryViewController.swift */; };
		2D73AB1D1BB4043400C93F5F /* UserViewController.swift in Sources */ = {isa = PBXBuildFile; fileRef = 2D73AB1A1BB4043300C93F5F /* UserViewController.swift */; };
		2D73AB1F1BB4043C00C93F5F /* SwiftRouter.swift in Sources */ = {isa = PBXBuildFile; fileRef = 2D73AB1E1BB4043C00C93F5F /* SwiftRouter.swift */; };
/* End PBXBuildFile section */

/* Begin PBXFileReference section */
		2D3908141BB403C1002296E1 /* SwiftRouterExample.app */ = {isa = PBXFileReference; explicitFileType = wrapper.application; includeInIndex = 0; path = SwiftRouterExample.app; sourceTree = BUILT_PRODUCTS_DIR; };
		2D3908171BB403C1002296E1 /* AppDelegate.swift */ = {isa = PBXFileReference; lastKnownFileType = sourcecode.swift; path = AppDelegate.swift; sourceTree = "<group>"; };
		2D3908191BB403C1002296E1 /* ViewController.swift */ = {isa = PBXFileReference; lastKnownFileType = sourcecode.swift; path = ViewController.swift; sourceTree = "<group>"; };
		2D39081C1BB403C1002296E1 /* Base */ = {isa = PBXFileReference; lastKnownFileType = file.storyboard; name = Base; path = Base.lproj/Main.storyboard; sourceTree = "<group>"; };
		2D39081E1BB403C1002296E1 /* Assets.xcassets */ = {isa = PBXFileReference; lastKnownFileType = folder.assetcatalog; path = Assets.xcassets; sourceTree = "<group>"; };
		2D3908211BB403C1002296E1 /* Base */ = {isa = PBXFileReference; lastKnownFileType = file.storyboard; name = Base; path = Base.lproj/LaunchScreen.storyboard; sourceTree = "<group>"; };
		2D3908231BB403C1002296E1 /* Info.plist */ = {isa = PBXFileReference; lastKnownFileType = text.plist.xml; path = Info.plist; sourceTree = "<group>"; };
		2D73AB181BB4043300C93F5F /* StoryListViewController.swift */ = {isa = PBXFileReference; fileEncoding = 4; lastKnownFileType = sourcecode.swift; path = StoryListViewController.swift; sourceTree = "<group>"; };
		2D73AB191BB4043300C93F5F /* StoryViewController.swift */ = {isa = PBXFileReference; fileEncoding = 4; lastKnownFileType = sourcecode.swift; path = StoryViewController.swift; sourceTree = "<group>"; };
		2D73AB1A1BB4043300C93F5F /* UserViewController.swift */ = {isa = PBXFileReference; fileEncoding = 4; lastKnownFileType = sourcecode.swift; path = UserViewController.swift; sourceTree = "<group>"; };
		2D73AB1E1BB4043C00C93F5F /* SwiftRouter.swift */ = {isa = PBXFileReference; fileEncoding = 4; lastKnownFileType = sourcecode.swift; name = SwiftRouter.swift; path = ../Source/SwiftRouter.swift; sourceTree = SOURCE_ROOT; };
/* End PBXFileReference section */

/* Begin PBXFrameworksBuildPhase section */
		2D3908111BB403C1002296E1 /* Frameworks */ = {
			isa = PBXFrameworksBuildPhase;
			buildActionMask = 2147483647;
			files = (
			);
			runOnlyForDeploymentPostprocessing = 0;
		};
/* End PBXFrameworksBuildPhase section */

/* Begin PBXGroup section */
		2D39080B1BB403C1002296E1 = {
			isa = PBXGroup;
			children = (
				2D3908161BB403C1002296E1 /* SwiftRouterExample */,
				2D3908151BB403C1002296E1 /* Products */,
			);
			sourceTree = "<group>";
		};
		2D3908151BB403C1002296E1 /* Products */ = {
			isa = PBXGroup;
			children = (
				2D3908141BB403C1002296E1 /* SwiftRouterExample.app */,
			);
			name = Products;
			sourceTree = "<group>";
		};
		2D3908161BB403C1002296E1 /* SwiftRouterExample */ = {
			isa = PBXGroup;
			children = (
				2D73AB1E1BB4043C00C93F5F /* SwiftRouter.swift */,
				2D73AB181BB4043300C93F5F /* StoryListViewController.swift */,
				2D73AB191BB4043300C93F5F /* StoryViewController.swift */,
				2D73AB1A1BB4043300C93F5F /* UserViewController.swift */,
				2D3908171BB403C1002296E1 /* AppDelegate.swift */,
				2D3908191BB403C1002296E1 /* ViewController.swift */,
				2D39081B1BB403C1002296E1 /* Main.storyboard */,
				2D39081E1BB403C1002296E1 /* Assets.xcassets */,
				2D3908201BB403C1002296E1 /* LaunchScreen.storyboard */,
				2D3908231BB403C1002296E1 /* Info.plist */,
			);
			path = SwiftRouterExample;
			sourceTree = "<group>";
		};
/* End PBXGroup section */

/* Begin PBXNativeTarget section */
		2D3908131BB403C1002296E1 /* SwiftRouterExample */ = {
			isa = PBXNativeTarget;
			buildConfigurationList = 2D39083C1BB403C1002296E1 /* Build configuration list for PBXNativeTarget "SwiftRouterExample" */;
			buildPhases = (
				2D3908101BB403C1002296E1 /* Sources */,
				2D3908111BB403C1002296E1 /* Frameworks */,
				2D3908121BB403C1002296E1 /* Resources */,
			);
			buildRules = (
			);
			dependencies = (
			);
			name = SwiftRouterExample;
			productName = SwiftRouterExample;
			productReference = 2D3908141BB403C1002296E1 /* SwiftRouterExample.app */;
			productType = "com.apple.product-type.application";
		};
/* End PBXNativeTarget section */

/* Begin PBXProject section */
		2D39080C1BB403C1002296E1 /* Project object */ = {
			isa = PBXProject;
			attributes = {
				LastUpgradeCheck = 0700;
				ORGANIZATIONNAME = skyline;
				TargetAttributes = {
					2D3908131BB403C1002296E1 = {
						CreatedOnToolsVersion = 7.0;
					};
				};
			};
			buildConfigurationList = 2D39080F1BB403C1002296E1 /* Build configuration list for PBXProject "SwiftRouterExample" */;
			compatibilityVersion = "Xcode 3.2";
			developmentRegion = English;
			hasScannedForEncodings = 0;
			knownRegions = (
				en,
				Base,
			);
			mainGroup = 2D39080B1BB403C1002296E1;
			productRefGroup = 2D3908151BB403C1002296E1 /* Products */;
			projectDirPath = "";
			projectRoot = "";
			targets = (
				2D3908131BB403C1002296E1 /* SwiftRouterExample */,
			);
		};
/* End PBXProject section */

/* Begin PBXResourcesBuildPhase section */
		2D3908121BB403C1002296E1 /* Resources */ = {
			isa = PBXResourcesBuildPhase;
			buildActionMask = 2147483647;
			files = (
				2D3908221BB403C1002296E1 /* LaunchScreen.storyboard in Resources */,
				2D39081F1BB403C1002296E1 /* Assets.xcassets in Resources */,
				2D39081D1BB403C1002296E1 /* Main.storyboard in Resources */,
			);
			runOnlyForDeploymentPostprocessing = 0;
		};
/* End PBXResourcesBuildPhase section */

/* Begin PBXSourcesBuildPhase section */
		2D3908101BB403C1002296E1 /* Sources */ = {
			isa = PBXSourcesBuildPhase;
			buildActionMask = 2147483647;
			files = (
				2D73AB1F1BB4043C00C93F5F /* SwiftRouter.swift in Sources */,
				2D73AB1C1BB4043400C93F5F /* StoryViewController.swift in Sources */,
				2D73AB1D1BB4043400C93F5F /* UserViewController.swift in Sources */,
				2D39081A1BB403C1002296E1 /* ViewController.swift in Sources */,
				2D73AB1B1BB4043400C93F5F /* StoryListViewController.swift in Sources */,
				2D3908181BB403C1002296E1 /* AppDelegate.swift in Sources */,
			);
			runOnlyForDeploymentPostprocessing = 0;
		};
/* End PBXSourcesBuildPhase section */

/* Begin PBXVariantGroup section */
		2D39081B1BB403C1002296E1 /* Main.storyboard */ = {
			isa = PBXVariantGroup;
			children = (
				2D39081C1BB403C1002296E1 /* Base */,
			);
			name = Main.storyboard;
			sourceTree = "<group>";
		};
		2D3908201BB403C1002296E1 /* LaunchScreen.storyboard */ = {
			isa = PBXVariantGroup;
			children = (
				2D3908211BB403C1002296E1 /* Base */,
			);
			name = LaunchScreen.storyboard;
			sourceTree = "<group>";
		};
/* End PBXVariantGroup section */

/* Begin XCBuildConfiguration section */
		2D39083A1BB403C1002296E1 /* Debug */ = {
			isa = XCBuildConfiguration;
			buildSettings = {
				ALWAYS_SEARCH_USER_PATHS = NO;
				CLANG_CXX_LANGUAGE_STANDARD = "gnu++0x";
				CLANG_CXX_LIBRARY = "libc++";
				CLANG_ENABLE_MODULES = YES;
				CLANG_ENABLE_OBJC_ARC = YES;
				CLANG_WARN_BOOL_CONVERSION = YES;
				CLANG_WARN_CONSTANT_CONVERSION = YES;
				CLANG_WARN_DIRECT_OBJC_ISA_USAGE = YES_ERROR;
				CLANG_WARN_EMPTY_BODY = YES;
				CLANG_WARN_ENUM_CONVERSION = YES;
				CLANG_WARN_INT_CONVERSION = YES;
				CLANG_WARN_OBJC_ROOT_CLASS = YES_ERROR;
				CLANG_WARN_UNREACHABLE_CODE = YES;
				CLANG_WARN__DUPLICATE_METHOD_MATCH = YES;
				"CODE_SIGN_IDENTITY[sdk=iphoneos*]" = "iPhone Developer";
				COPY_PHASE_STRIP = NO;
				DEBUG_INFORMATION_FORMAT = dwarf;
				ENABLE_STRICT_OBJC_MSGSEND = YES;
				ENABLE_TESTABILITY = YES;
				GCC_C_LANGUAGE_STANDARD = gnu99;
				GCC_DYNAMIC_NO_PIC = NO;
				GCC_NO_COMMON_BLOCKS = YES;
				GCC_OPTIMIZATION_LEVEL = 0;
				GCC_PREPROCESSOR_DEFINITIONS = (
					"DEBUG=1",
					"$(inherited)",
				);
				GCC_WARN_64_TO_32_BIT_CONVERSION = YES;
				GCC_WARN_ABOUT_RETURN_TYPE = YES_ERROR;
				GCC_WARN_UNDECLARED_SELECTOR = YES;
				GCC_WARN_UNINITIALIZED_AUTOS = YES_AGGRESSIVE;
				GCC_WARN_UNUSED_FUNCTION = YES;
				GCC_WARN_UNUSED_VARIABLE = YES;
				IPHONEOS_DEPLOYMENT_TARGET = 9.0;
				MTL_ENABLE_DEBUG_INFO = YES;
				ONLY_ACTIVE_ARCH = YES;
				SDKROOT = iphoneos;
				SWIFT_OPTIMIZATION_LEVEL = "-Onone";
				TARGETED_DEVICE_FAMILY = "1,2";
			};
			name = Debug;
		};
		2D39083B1BB403C1002296E1 /* Release */ = {
			isa = XCBuildConfiguration;
			buildSettings = {
				ALWAYS_SEARCH_USER_PATHS = NO;
				CLANG_CXX_LANGUAGE_STANDARD = "gnu++0x";
				CLANG_CXX_LIBRARY = "libc++";
				CLANG_ENABLE_MODULES = YES;
				CLANG_ENABLE_OBJC_ARC = YES;
				CLANG_WARN_BOOL_CONVERSION = YES;
				CLANG_WARN_CONSTANT_CONVERSION = YES;
				CLANG_WARN_DIRECT_OBJC_ISA_USAGE = YES_ERROR;
				CLANG_WARN_EMPTY_BODY = YES;
				CLANG_WARN_ENUM_CONVERSION = YES;
				CLANG_WARN_INT_CONVERSION = YES;
				CLANG_WARN_OBJC_ROOT_CLASS = YES_ERROR;
				CLANG_WARN_UNREACHABLE_CODE = YES;
				CLANG_WARN__DUPLICATE_METHOD_MATCH = YES;
				"CODE_SIGN_IDENTITY[sdk=iphoneos*]" = "iPhone Developer";
				COPY_PHASE_STRIP = NO;
				DEBUG_INFORMATION_FORMAT = "dwarf-with-dsym";
				ENABLE_NS_ASSERTIONS = NO;
				ENABLE_STRICT_OBJC_MSGSEND = YES;
				GCC_C_LANGUAGE_STANDARD = gnu99;
				GCC_NO_COMMON_BLOCKS = YES;
				GCC_WARN_64_TO_32_BIT_CONVERSION = YES;
				GCC_WARN_ABOUT_RETURN_TYPE = YES_ERROR;
				GCC_WARN_UNDECLARED_SELECTOR = YES;
				GCC_WARN_UNINITIALIZED_AUTOS = YES_AGGRESSIVE;
				GCC_WARN_UNUSED_FUNCTION = YES;
				GCC_WARN_UNUSED_VARIABLE = YES;
				IPHONEOS_DEPLOYMENT_TARGET = 9.0;
				MTL_ENABLE_DEBUG_INFO = NO;
				SDKROOT = iphoneos;
				TARGETED_DEVICE_FAMILY = "1,2";
				VALIDATE_PRODUCT = YES;
			};
			name = Release;
		};
		2D39083D1BB403C1002296E1 /* Debug */ = {
			isa = XCBuildConfiguration;
			buildSettings = {
				ASSETCATALOG_COMPILER_APPICON_NAME = AppIcon;
				INFOPLIST_FILE = SwiftRouterExample/Info.plist;
				LD_RUNPATH_SEARCH_PATHS = "$(inherited) @executable_path/Frameworks";
				PRODUCT_BUNDLE_IDENTIFIER = cn.edu.hit.www.SwiftRouterExample;
				PRODUCT_NAME = "$(TARGET_NAME)";
				SWIFT_VERSION = 3.0;
			};
			name = Debug;
		};
		2D39083E1BB403C1002296E1 /* Release */ = {
			isa = XCBuildConfiguration;
			buildSettings = {
				ASSETCATALOG_COMPILER_APPICON_NAME = AppIcon;
				INFOPLIST_FILE = SwiftRouterExample/Info.plist;
				LD_RUNPATH_SEARCH_PATHS = "$(inherited) @executable_path/Frameworks";
				PRODUCT_BUNDLE_IDENTIFIER = cn.edu.hit.www.SwiftRouterExample;
				PRODUCT_NAME = "$(TARGET_NAME)";
				SWIFT_VERSION = 3.0;
			};
			name = Release;
		};
/* End XCBuildConfiguration section */

/* Begin XCConfigurationList section */
		2D39080F1BB403C1002296E1 /* Build configuration list for PBXProject "SwiftRouterExample" */ = {
			isa = XCConfigurationList;
			buildConfigurations = (
				2D39083A1BB403C1002296E1 /* Debug */,
				2D39083B1BB403C1002296E1 /* Release */,
			);
			defaultConfigurationIsVisible = 0;
			defaultConfigurationName = Release;
		};
		2D39083C1BB403C1002296E1 /* Build configuration list for PBXNativeTarget "SwiftRouterExample" */ = {
			isa = XCConfigurationList;
			buildConfigurations = (
				2D39083D1BB403C1002296E1 /* Debug */,
				2D39083E1BB403C1002296E1 /* Release */,
			);
			defaultConfigurationIsVisible = 0;
			defaultConfigurationName = Release;
		};
/* End XCConfigurationList section */
	};
	rootObject = 2D39080C1BB403C1002296E1 /* Project object */;
}
